
Microsoft Visual Studio Solution File, Format Version 12.00
# Visual Studio Version 16
VisualStudioVersion = 16.0.31005.135
MinimumVisualStudioVersion = 10.0.40219.1
Project("{9A19103F-16F7-4668-BE54-9A1E7A4F7556}") = "ClassMethod", "ClassMethod\ClassMethod.csproj", "{7A67D8B3-7F59-49DA-9D63-8BEDB0D31F61}"
EndProject
Project("{9A19103F-16F7-4668-BE54-9A1E7A4F7556}") = "Maths", "Maths\Maths.csproj", "{59DFB1C5-78C4-4475-BAC8-F0D7A863DA1B}"
EndProject
Project("{9A19103F-16F7-4668-BE54-9A1E7A4F7556}") = "DegerVeReferansTipleri", "DegerVeReferansTipleri\DegerVeReferansTipleri.csproj", "{9355198F-1382-4E8B-B1C4-0ED380354D1F}"
EndProject
Project("{FAE04EC0-301F-11D3-BF4B-00C04F79EFBC}") = "OOP1", "OOP1\OOP1.csproj", "{5259824F-761A-4FF5-A1CC-30976B974406}"
EndProject
Project("{FAE04EC0-301F-11D3-BF4B-00C04F79EFBC}") = "Koleksiyonlar", "Koleksiyonlar\Koleksiyonlar.csproj", "{6B4F6529-96C6-4DB7-B18C-774D9A7A2FBE}"
EndProject
Project("{FAE04EC0-301F-11D3-BF4B-00C04F79EFBC}") = "GenericsIntro", "GenericsIntro\GenericsIntro.csproj", "{F817F52F-19C3-42A4-A5B2-CB740BD5E5D8}"
EndProject
Global
	GlobalSection(SolutionConfigurationPlatforms) = preSolution
		Debug|Any CPU = Debug|Any CPU
		Release|Any CPU = Release|Any CPU
	EndGlobalSection
	GlobalSection(ProjectConfigurationPlatforms) = postSolution
		{7A67D8B3-7F59-49DA-9D63-8BEDB0D31F61}.Debug|Any CPU.ActiveCfg = Debug|Any CPU
		{7A67D8B3-7F59-49DA-9D63-8BEDB0D31F61}.Debug|Any CPU.Build.0 = Debug|Any CPU
		{7A67D8B3-7F59-49DA-9D63-8BEDB0D31F61}.Release|Any CPU.ActiveCfg = Release|Any CPU
		{7A67D8B3-7F59-49DA-9D63-8BEDB0D31F61}.Release|Any CPU.Build.0 = Release|Any CPU
		{59DFB1C5-78C4-4475-BAC8-F0D7A863DA1B}.Debug|Any CPU.ActiveCfg = Debug|Any CPU
		{59DFB1C5-78C4-4475-BAC8-F0D7A863DA1B}.Debug|Any CPU.Build.0 = Debug|Any CPU
		{59DFB1C5-78C4-4475-BAC8-F0D7A863DA1B}.Release|Any CPU.ActiveCfg = Release|Any CPU
		{59DFB1C5-78C4-4475-BAC8-F0D7A863DA1B}.Release|Any CPU.Build.0 = Release|Any CPU
		{9355198F-1382-4E8B-B1C4-0ED380354D1F}.Debug|Any CPU.ActiveCfg = Debug|Any CPU
		{9355198F-1382-4E8B-B1C4-0ED380354D1F}.Debug|Any CPU.Build.0 = Debug|Any CPU
		{9355198F-1382-4E8B-B1C4-0ED380354D1F}.Release|Any CPU.ActiveCfg = Release|Any CPU
		{9355198F-1382-4E8B-B1C4-0ED380354D1F}.Release|Any CPU.Build.0 = Release|Any CPU
		{5259824F-761A-4FF5-A1CC-30976B974406}.Debug|Any CPU.ActiveCfg = Debug|Any CPU
		{5259824F-761A-4FF5-A1CC-30976B974406}.Debug|Any CPU.Build.0 = Debug|Any CPU
		{5259824F-761A-4FF5-A1CC-30976B974406}.Release|Any CPU.ActiveCfg = Release|Any CPU
		{5259824F-761A-4FF5-A1CC-30976B974406}.Release|Any CPU.Build.0 = Release|Any CPU
		{6B4F6529-96C6-4DB7-B18C-774D9A7A2FBE}.Debug|Any CPU.ActiveCfg = Debug|Any CPU
		{6B4F6529-96C6-4DB7-B18C-774D9A7A2FBE}.Debug|Any CPU.Build.0 = Debug|Any CPU
		{6B4F6529-96C6-4DB7-B18C-774D9A7A2FBE}.Release|Any CPU.ActiveCfg = Release|Any CPU
		{6B4F6529-96C6-4DB7-B18C-774D9A7A2FBE}.Release|Any CPU.Build.0 = Release|Any CPU
		{F817F52F-19C3-42A4-A5B2-CB740BD5E5D8}.Debug|Any CPU.ActiveCfg = Debug|Any CPU
		{F817F52F-19C3-42A4-A5B2-CB740BD5E5D8}.Debug|Any CPU.Build.0 = Debug|Any CPU
		{F817F52F-19C3-42A4-A5B2-CB740BD5E5D8}.Release|Any CPU.ActiveCfg = Release|Any CPU
		{F817F52F-19C3-42A4-A5B2-CB740BD5E5D8}.Release|Any CPU.Build.0 = Release|Any CPU
	EndGlobalSection
	GlobalSection(SolutionProperties) = preSolution
		HideSolutionNode = FALSE
	EndGlobalSection
	GlobalSection(ExtensibilityGlobals) = postSolution
		SolutionGuid = {6DEE8F38-7DCA-429F-80BB-24CC3D7B5D1D}
	EndGlobalSection
EndGlobal
